{
  "name": "simple-server-routing",
  "version": "1.0.0",
  "lockfileVersion": 3,
  "requires": true,
  "packages": {
    "": {
      "name": "simple-server-routing",
      "version": "1.0.0",
      "license": "ISC",
      "dependencies": {
        "simple-server-routing": "file:"
      }
    },
    "node_modules/simple-server-routing": {
      "resolved": "",
      "link": true
    }
  }
}
